
Microsoft Visual Studio Solution File, Format Version 12.00
# Visual Studio Version 17
VisualStudioVersion = 17.14.36127.28 d17.14
MinimumVisualStudioVersion = 10.0.40219.1
Project("{FAE04EC0-301F-11D3-BF4B-00C04F79EFBC}") = "LisAPI", "LisAPI.csproj", "{00DB2B41-300B-4706-A34D-058E6C1E7E27}"
EndProject
Global
	GlobalSection(SolutionConfigurationPlatforms) = preSolution
		Debug|Any CPU = Debug|Any CPU
		Release|Any CPU = Release|Any CPU
	EndGlobalSection
	GlobalSection(ProjectConfigurationPlatforms) = postSolution
		{00DB2B41-300B-4706-A34D-058E6C1E7E27}.Debug|Any CPU.ActiveCfg = Debug|Any CPU
		{00DB2B41-300B-4706-A34D-058E6C1E7E27}.Debug|Any CPU.Build.0 = Debug|Any CPU
		{00DB2B41-300B-4706-A34D-058E6C1E7E27}.Release|Any CPU.ActiveCfg = Release|Any CPU
		{00DB2B41-300B-4706-A34D-058E6C1E7E27}.Release|Any CPU.Build.0 = Release|Any CPU
	EndGlobalSection
	GlobalSection(SolutionProperties) = preSolution
		HideSolutionNode = FALSE
	EndGlobalSection
	GlobalSection(ExtensibilityGlobals) = postSolution
		SolutionGuid = {AFCA85E1-8613-4FB0-8859-BC8399125B7D}
	EndGlobalSection
EndGlobal
